
Microsoft Visual Studio Solution File, Format Version 12.00
# Visual Studio Version 17
VisualStudioVersion = 17.13.35825.156
MinimumVisualStudioVersion = 10.0.40219.1
Project("{FAE04EC0-301F-11D3-BF4B-00C04F79EFBC}") = "Kartist", "Kartist.csproj", "{B993DE2B-80A9-43F2-B87F-8AB76268646B}"
EndProject
Global
	GlobalSection(SolutionConfigurationPlatforms) = preSolution
		Debug|Any CPU = Debug|Any CPU
		Release|Any CPU = Release|Any CPU
	EndGlobalSection
	GlobalSection(ProjectConfigurationPlatforms) = postSolution
		{B993DE2B-80A9-43F2-B87F-8AB76268646B}.Debug|Any CPU.ActiveCfg = Debug|Any CPU
		{B993DE2B-80A9-43F2-B87F-8AB76268646B}.Debug|Any CPU.Build.0 = Debug|Any CPU
		{B993DE2B-80A9-43F2-B87F-8AB76268646B}.Release|Any CPU.ActiveCfg = Release|Any CPU
		{B993DE2B-80A9-43F2-B87F-8AB76268646B}.Release|Any CPU.Build.0 = Release|Any CPU
	EndGlobalSection
	GlobalSection(SolutionProperties) = preSolution
		HideSolutionNode = FALSE
	EndGlobalSection
	GlobalSection(ExtensibilityGlobals) = postSolution
		SolutionGuid = {E261F59B-A2FC-43B2-BEC9-57F29E7DC9F1}
	EndGlobalSection
EndGlobal
